
Microsoft Visual Studio Solution File, Format Version 12.00
# Visual Studio 15
VisualStudioVersion = 15.0.28307.329
MinimumVisualStudioVersion = 10.0.40219.1
Project("{8BC9CEB8-8B4A-11D0-8D11-00A0C91BC942}") = "BlankApp1", "BlankApp1\BlankApp1.vcxproj", "{55114A2B-7761-4095-A436-2E5D08497DFA}"
EndProject
Global
	GlobalSection(SolutionConfigurationPlatforms) = preSolution
		Debug|Any CPU = Debug|Any CPU
		Debug|ARM = Debug|ARM
		Debug|ARM64 = Debug|ARM64
		Debug|x64 = Debug|x64
		Debug|x86 = Debug|x86
		Release|Any CPU = Release|Any CPU
		Release|ARM = Release|ARM
		Release|ARM64 = Release|ARM64
		Release|x64 = Release|x64
		Release|x86 = Release|x86
	EndGlobalSection
	GlobalSection(ProjectConfigurationPlatforms) = postSolution
		{55114A2B-7761-4095-A436-2E5D08497DFA}.Debug|Any CPU.ActiveCfg = Debug|Win32
		{55114A2B-7761-4095-A436-2E5D08497DFA}.Debug|ARM.ActiveCfg = Debug|ARM
		{55114A2B-7761-4095-A436-2E5D08497DFA}.Debug|ARM.Build.0 = Debug|ARM
		{55114A2B-7761-4095-A436-2E5D08497DFA}.Debug|ARM.Deploy.0 = Debug|ARM
		{55114A2B-7761-4095-A436-2E5D08497DFA}.Debug|ARM64.ActiveCfg = Debug|Win32
		{55114A2B-7761-4095-A436-2E5D08497DFA}.Debug|x64.ActiveCfg = Debug|x64
		{55114A2B-7761-4095-A436-2E5D08497DFA}.Debug|x64.Build.0 = Debug|x64
		{55114A2B-7761-4095-A436-2E5D08497DFA}.Debug|x64.Deploy.0 = Debug|x64
		{55114A2B-7761-4095-A436-2E5D08497DFA}.Debug|x86.ActiveCfg = Debug|Win32
		{55114A2B-7761-4095-A436-2E5D08497DFA}.Debug|x86.Build.0 = Debug|Win32
		{55114A2B-7761-4095-A436-2E5D08497DFA}.Debug|x86.Deploy.0 = Debug|Win32
		{55114A2B-7761-4095-A436-2E5D08497DFA}.Release|Any CPU.ActiveCfg = Release|Win32
		{55114A2B-7761-4095-A436-2E5D08497DFA}.Release|ARM.ActiveCfg = Release|ARM
		{55114A2B-7761-4095-A436-2E5D08497DFA}.Release|ARM.Build.0 = Release|ARM
		{55114A2B-7761-4095-A436-2E5D08497DFA}.Release|ARM.Deploy.0 = Release|ARM
		{55114A2B-7761-4095-A436-2E5D08497DFA}.Release|ARM64.ActiveCfg = Release|Win32
		{55114A2B-7761-4095-A436-2E5D08497DFA}.Release|x64.ActiveCfg = Release|x64
		{55114A2B-7761-4095-A436-2E5D08497DFA}.Release|x64.Build.0 = Release|x64
		{55114A2B-7761-4095-A436-2E5D08497DFA}.Release|x64.Deploy.0 = Release|x64
		{55114A2B-7761-4095-A436-2E5D08497DFA}.Release|x86.ActiveCfg = Release|Win32
		{55114A2B-7761-4095-A436-2E5D08497DFA}.Release|x86.Build.0 = Release|Win32
		{55114A2B-7761-4095-A436-2E5D08497DFA}.Release|x86.Deploy.0 = Release|Win32
	EndGlobalSection
	GlobalSection(SolutionProperties) = preSolution
		HideSolutionNode = FALSE
	EndGlobalSection
	GlobalSection(ExtensibilityGlobals) = postSolution
		SolutionGuid = {869C725D-FF1A-4A51-B23B-DCAF3D86C228}
	EndGlobalSection
EndGlobal
